
Microsoft Visual Studio Solution File, Format Version 9.00
# Visual Studio 2005
Project("{FAE04EC0-301F-11D3-BF4B-00C04F79EFBC}") = "THOK.AS.OTS", "THOK.AS.OTS\THOK.AS.OTS.csproj", "{D1FCFBA1-26F7-4338-A270-AAD1FB55EEC6}"
EndProject
Project("{FAE04EC0-301F-11D3-BF4B-00C04F79EFBC}") = "THOK.AS.OTS.App", "THOK.AS.OTS.App\THOK.AS.OTS.App.csproj", "{4A0A1F51-F716-4BCF-8D0A-F4DA67E6954D}"
EndProject
Project("{54435603-DBB4-11D2-8724-00A0C9A8B90C}") = "Setup", "Setup\Setup.vdproj", "{0B6DD54F-5B8B-4798-85BC-9669DFA9FBDE}"
EndProject
Global
	GlobalSection(SolutionConfigurationPlatforms) = preSolution
		Debug|Any CPU = Debug|Any CPU
		Release|Any CPU = Release|Any CPU
	EndGlobalSection
	GlobalSection(ProjectConfigurationPlatforms) = postSolution
		{D1FCFBA1-26F7-4338-A270-AAD1FB55EEC6}.Debug|Any CPU.ActiveCfg = Debug|Any CPU
		{D1FCFBA1-26F7-4338-A270-AAD1FB55EEC6}.Debug|Any CPU.Build.0 = Debug|Any CPU
		{D1FCFBA1-26F7-4338-A270-AAD1FB55EEC6}.Release|Any CPU.ActiveCfg = Release|Any CPU
		{D1FCFBA1-26F7-4338-A270-AAD1FB55EEC6}.Release|Any CPU.Build.0 = Release|Any CPU
		{4A0A1F51-F716-4BCF-8D0A-F4DA67E6954D}.Debug|Any CPU.ActiveCfg = Debug|Any CPU
		{4A0A1F51-F716-4BCF-8D0A-F4DA67E6954D}.Debug|Any CPU.Build.0 = Debug|Any CPU
		{4A0A1F51-F716-4BCF-8D0A-F4DA67E6954D}.Release|Any CPU.ActiveCfg = Release|Any CPU
		{4A0A1F51-F716-4BCF-8D0A-F4DA67E6954D}.Release|Any CPU.Build.0 = Release|Any CPU
		{0B6DD54F-5B8B-4798-85BC-9669DFA9FBDE}.Debug|Any CPU.ActiveCfg = Debug
		{0B6DD54F-5B8B-4798-85BC-9669DFA9FBDE}.Release|Any CPU.ActiveCfg = Release
	EndGlobalSection
	GlobalSection(SolutionProperties) = preSolution
		HideSolutionNode = FALSE
	EndGlobalSection
EndGlobal
