
Microsoft Visual Studio Solution File, Format Version 9.00
# Visual Studio 2005
Project("{FAE04EC0-301F-11D3-BF4B-00C04F79EFBC}") = "HandleSupplySystem", "HandleSupplySystem\HandleSupplySystem.csproj", "{0B5C4AD8-8123-4ED8-A597-DF1842D96F06}"
EndProject
Project("{54435603-DBB4-11D2-8724-00A0C9A8B90C}") = "HandSupplySetup", "手工补货系统\手工补货系统.vdproj", "{69C69810-3FA3-4612-A62F-596EEB06EA8F}"
EndProject
Project("{FAE04EC0-301F-11D3-BF4B-00C04F79EFBC}") = "THOK.HSS", "THOK.HSS\THOK.HSS.csproj", "{EA45FB34-B04B-4E40-A372-74ACCD97C66A}"
EndProject
Global
	GlobalSection(SolutionConfigurationPlatforms) = preSolution
		Debug|Any CPU = Debug|Any CPU
		Release|Any CPU = Release|Any CPU
	EndGlobalSection
	GlobalSection(ProjectConfigurationPlatforms) = postSolution
		{0B5C4AD8-8123-4ED8-A597-DF1842D96F06}.Debug|Any CPU.ActiveCfg = Release|Any CPU
		{0B5C4AD8-8123-4ED8-A597-DF1842D96F06}.Debug|Any CPU.Build.0 = Release|Any CPU
		{0B5C4AD8-8123-4ED8-A597-DF1842D96F06}.Release|Any CPU.ActiveCfg = Release|Any CPU
		{0B5C4AD8-8123-4ED8-A597-DF1842D96F06}.Release|Any CPU.Build.0 = Release|Any CPU
		{69C69810-3FA3-4612-A62F-596EEB06EA8F}.Debug|Any CPU.ActiveCfg = Release
		{69C69810-3FA3-4612-A62F-596EEB06EA8F}.Debug|Any CPU.Build.0 = Release
		{69C69810-3FA3-4612-A62F-596EEB06EA8F}.Release|Any CPU.ActiveCfg = Release
		{EA45FB34-B04B-4E40-A372-74ACCD97C66A}.Debug|Any CPU.ActiveCfg = Debug|Any CPU
		{EA45FB34-B04B-4E40-A372-74ACCD97C66A}.Debug|Any CPU.Build.0 = Debug|Any CPU
		{EA45FB34-B04B-4E40-A372-74ACCD97C66A}.Release|Any CPU.ActiveCfg = Release|Any CPU
		{EA45FB34-B04B-4E40-A372-74ACCD97C66A}.Release|Any CPU.Build.0 = Release|Any CPU
	EndGlobalSection
	GlobalSection(SolutionProperties) = preSolution
		HideSolutionNode = FALSE
	EndGlobalSection
EndGlobal
