
Microsoft Visual Studio Solution File, Format Version 9.00
# Visual Studio 2005
Project("{FAE04EC0-301F-11D3-BF4B-00C04F79EFBC}") = "THOK.Odd", "THOK.Odd\THOK.Odd.csproj", "{EC8C6BB2-632B-4093-8D66-B30EA9E9C358}"
EndProject
Project("{FAE04EC0-301F-11D3-BF4B-00C04F79EFBC}") = "THOK.OddApp", "THOK.OddApp\THOK.OddApp.csproj", "{5B28140E-2854-43DF-AA5C-8398671073DF}"
EndProject
Project("{54435603-DBB4-11D2-8724-00A0C9A8B90C}") = "Setup", "Setup\Setup.vdproj", "{0854A612-8F14-4B19-BAC8-8F77F99BAE76}"
EndProject
Global
	GlobalSection(SolutionConfigurationPlatforms) = preSolution
		Debug|Any CPU = Debug|Any CPU
		Release|Any CPU = Release|Any CPU
	EndGlobalSection
	GlobalSection(ProjectConfigurationPlatforms) = postSolution
		{EC8C6BB2-632B-4093-8D66-B30EA9E9C358}.Debug|Any CPU.ActiveCfg = Debug|Any CPU
		{EC8C6BB2-632B-4093-8D66-B30EA9E9C358}.Debug|Any CPU.Build.0 = Debug|Any CPU
		{EC8C6BB2-632B-4093-8D66-B30EA9E9C358}.Release|Any CPU.ActiveCfg = Release|Any CPU
		{EC8C6BB2-632B-4093-8D66-B30EA9E9C358}.Release|Any CPU.Build.0 = Release|Any CPU
		{5B28140E-2854-43DF-AA5C-8398671073DF}.Debug|Any CPU.ActiveCfg = Debug|Any CPU
		{5B28140E-2854-43DF-AA5C-8398671073DF}.Debug|Any CPU.Build.0 = Debug|Any CPU
		{5B28140E-2854-43DF-AA5C-8398671073DF}.Release|Any CPU.ActiveCfg = Release|Any CPU
		{5B28140E-2854-43DF-AA5C-8398671073DF}.Release|Any CPU.Build.0 = Release|Any CPU
		{0854A612-8F14-4B19-BAC8-8F77F99BAE76}.Debug|Any CPU.ActiveCfg = Debug
		{0854A612-8F14-4B19-BAC8-8F77F99BAE76}.Release|Any CPU.ActiveCfg = Release
	EndGlobalSection
	GlobalSection(SolutionProperties) = preSolution
		HideSolutionNode = FALSE
	EndGlobalSection
EndGlobal
